{
    "_meta": {
        "hash": {
            "sha256": "60a14029d12b4340948c809ad5fa856924d1b2261379dcf387543d8fe3a09c32"
        },
        "pipfile-spec": 6,
        "requires": {
            "python_version": "3.8"
        },
        "sources": [
            {
                "name": "pypi",
                "url": "https://pypi.python.org/simple",
                "verify_ssl": true
            }
        ]
    },
    "default": {
        "bibgrafo": {
            "hashes": [
                "sha256:0a1604d4980d623784e6de39ac0607b478a690cd3bee02a2bf73b5c9030da895"
            ],
            "index": "pypi",
            "version": "==0.9.3"
        }
    },
    "develop": {}
}
