{
    "_meta": {
        "hash": {
            "sha256": "60a14029d12b4340948c809ad5fa856924d1b2261379dcf387543d8fe3a09c32"
        },
        "pipfile-spec": 6,
        "requires": {
            "python_version": "3.8"
        },
        "sources": [
            {
                "name": "pypi",
                "url": "https://pypi.python.org/simple",
                "verify_ssl": true
            }
        ]
    },
    "default": {
        "bibgrafo": {
            "hashes": [
                "sha256:cd945e9cd64e235dea0d075a9a65f8b11f2cd584197d27078486e91b14e17c18"
            ],
            "index": "pypi",
            "version": "==0.9.4"
        }
    },
    "develop": {}
}
